
Microsoft Visual Studio Solution File, Format Version 12.00
# Visual Studio 14
VisualStudioVersion = 14.0.25420.1
MinimumVisualStudioVersion = 10.0.40219.1
Project("{8BC9CEB8-8B4A-11D0-8D11-00A0C91BC942}") = "Filter", "Filter\Filter.vcxproj", "{BEB82A2E-C245-4329-8E24-35F122BB636D}"
EndProject
Project("{8BC9CEB8-8B4A-11D0-8D11-00A0C91BC942}") = "User", "User\User.vcxproj", "{BC752604-F439-4D0F-8D49-650DD44AD4E9}"
EndProject
Project("{FAE04EC0-301F-11D3-BF4B-00C04F79EFBC}") = "Providence", "Providence\Providence.csproj", "{DFF1E23C-4D66-43B6-B9CD-5D5F7B300C4E}"
EndProject
Global
	GlobalSection(SolutionConfigurationPlatforms) = preSolution
		Debug|Any CPU = Debug|Any CPU
		Debug|ARM = Debug|ARM
		Debug|ARM64 = Debug|ARM64
		Debug|x64 = Debug|x64
		Debug|x86 = Debug|x86
		Release|Any CPU = Release|Any CPU
		Release|ARM = Release|ARM
		Release|ARM64 = Release|ARM64
		Release|x64 = Release|x64
		Release|x86 = Release|x86
	EndGlobalSection
	GlobalSection(ProjectConfigurationPlatforms) = postSolution
		{BEB82A2E-C245-4329-8E24-35F122BB636D}.Debug|Any CPU.ActiveCfg = Debug|Win32
		{BEB82A2E-C245-4329-8E24-35F122BB636D}.Debug|ARM.ActiveCfg = Debug|ARM
		{BEB82A2E-C245-4329-8E24-35F122BB636D}.Debug|ARM.Build.0 = Debug|ARM
		{BEB82A2E-C245-4329-8E24-35F122BB636D}.Debug|ARM.Deploy.0 = Debug|ARM
		{BEB82A2E-C245-4329-8E24-35F122BB636D}.Debug|ARM64.ActiveCfg = Debug|ARM64
		{BEB82A2E-C245-4329-8E24-35F122BB636D}.Debug|ARM64.Build.0 = Debug|ARM64
		{BEB82A2E-C245-4329-8E24-35F122BB636D}.Debug|ARM64.Deploy.0 = Debug|ARM64
		{BEB82A2E-C245-4329-8E24-35F122BB636D}.Debug|x64.ActiveCfg = Debug|x64
		{BEB82A2E-C245-4329-8E24-35F122BB636D}.Debug|x64.Build.0 = Debug|x64
		{BEB82A2E-C245-4329-8E24-35F122BB636D}.Debug|x64.Deploy.0 = Debug|x64
		{BEB82A2E-C245-4329-8E24-35F122BB636D}.Debug|x86.ActiveCfg = Release|Win32
		{BEB82A2E-C245-4329-8E24-35F122BB636D}.Debug|x86.Build.0 = Release|Win32
		{BEB82A2E-C245-4329-8E24-35F122BB636D}.Debug|x86.Deploy.0 = Release|Win32
		{BEB82A2E-C245-4329-8E24-35F122BB636D}.Release|Any CPU.ActiveCfg = Release|Win32
		{BEB82A2E-C245-4329-8E24-35F122BB636D}.Release|ARM.ActiveCfg = Release|ARM
		{BEB82A2E-C245-4329-8E24-35F122BB636D}.Release|ARM.Build.0 = Release|ARM
		{BEB82A2E-C245-4329-8E24-35F122BB636D}.Release|ARM.Deploy.0 = Release|ARM
		{BEB82A2E-C245-4329-8E24-35F122BB636D}.Release|ARM64.ActiveCfg = Release|ARM64
		{BEB82A2E-C245-4329-8E24-35F122BB636D}.Release|ARM64.Build.0 = Release|ARM64
		{BEB82A2E-C245-4329-8E24-35F122BB636D}.Release|ARM64.Deploy.0 = Release|ARM64
		{BEB82A2E-C245-4329-8E24-35F122BB636D}.Release|x64.ActiveCfg = Release|x64
		{BEB82A2E-C245-4329-8E24-35F122BB636D}.Release|x64.Build.0 = Release|x64
		{BEB82A2E-C245-4329-8E24-35F122BB636D}.Release|x64.Deploy.0 = Release|x64
		{BEB82A2E-C245-4329-8E24-35F122BB636D}.Release|x86.ActiveCfg = Release|Win32
		{BEB82A2E-C245-4329-8E24-35F122BB636D}.Release|x86.Build.0 = Release|Win32
		{BEB82A2E-C245-4329-8E24-35F122BB636D}.Release|x86.Deploy.0 = Release|Win32
		{BC752604-F439-4D0F-8D49-650DD44AD4E9}.Debug|Any CPU.ActiveCfg = Debug|Win32
		{BC752604-F439-4D0F-8D49-650DD44AD4E9}.Debug|ARM.ActiveCfg = Debug|ARM
		{BC752604-F439-4D0F-8D49-650DD44AD4E9}.Debug|ARM.Build.0 = Debug|ARM
		{BC752604-F439-4D0F-8D49-650DD44AD4E9}.Debug|ARM64.ActiveCfg = Debug|ARM64
		{BC752604-F439-4D0F-8D49-650DD44AD4E9}.Debug|ARM64.Build.0 = Debug|ARM64
		{BC752604-F439-4D0F-8D49-650DD44AD4E9}.Debug|x64.ActiveCfg = Debug|x64
		{BC752604-F439-4D0F-8D49-650DD44AD4E9}.Debug|x64.Build.0 = Debug|x64
		{BC752604-F439-4D0F-8D49-650DD44AD4E9}.Debug|x86.ActiveCfg = Release|Win32
		{BC752604-F439-4D0F-8D49-650DD44AD4E9}.Debug|x86.Build.0 = Release|Win32
		{BC752604-F439-4D0F-8D49-650DD44AD4E9}.Release|Any CPU.ActiveCfg = Release|Win32
		{BC752604-F439-4D0F-8D49-650DD44AD4E9}.Release|ARM.ActiveCfg = Release|ARM
		{BC752604-F439-4D0F-8D49-650DD44AD4E9}.Release|ARM.Build.0 = Release|ARM
		{BC752604-F439-4D0F-8D49-650DD44AD4E9}.Release|ARM64.ActiveCfg = Release|ARM64
		{BC752604-F439-4D0F-8D49-650DD44AD4E9}.Release|ARM64.Build.0 = Release|ARM64
		{BC752604-F439-4D0F-8D49-650DD44AD4E9}.Release|x64.ActiveCfg = Release|x64
		{BC752604-F439-4D0F-8D49-650DD44AD4E9}.Release|x64.Build.0 = Release|x64
		{BC752604-F439-4D0F-8D49-650DD44AD4E9}.Release|x86.ActiveCfg = Release|Win32
		{BC752604-F439-4D0F-8D49-650DD44AD4E9}.Release|x86.Build.0 = Release|Win32
		{DFF1E23C-4D66-43B6-B9CD-5D5F7B300C4E}.Debug|Any CPU.ActiveCfg = Debug|Any CPU
		{DFF1E23C-4D66-43B6-B9CD-5D5F7B300C4E}.Debug|Any CPU.Build.0 = Debug|Any CPU
		{DFF1E23C-4D66-43B6-B9CD-5D5F7B300C4E}.Debug|ARM.ActiveCfg = Debug|Any CPU
		{DFF1E23C-4D66-43B6-B9CD-5D5F7B300C4E}.Debug|ARM.Build.0 = Debug|Any CPU
		{DFF1E23C-4D66-43B6-B9CD-5D5F7B300C4E}.Debug|ARM64.ActiveCfg = Debug|Any CPU
		{DFF1E23C-4D66-43B6-B9CD-5D5F7B300C4E}.Debug|ARM64.Build.0 = Debug|Any CPU
		{DFF1E23C-4D66-43B6-B9CD-5D5F7B300C4E}.Debug|x64.ActiveCfg = Debug|Any CPU
		{DFF1E23C-4D66-43B6-B9CD-5D5F7B300C4E}.Debug|x64.Build.0 = Debug|Any CPU
		{DFF1E23C-4D66-43B6-B9CD-5D5F7B300C4E}.Debug|x86.ActiveCfg = Release|Any CPU
		{DFF1E23C-4D66-43B6-B9CD-5D5F7B300C4E}.Debug|x86.Build.0 = Release|Any CPU
		{DFF1E23C-4D66-43B6-B9CD-5D5F7B300C4E}.Release|Any CPU.ActiveCfg = Release|Any CPU
		{DFF1E23C-4D66-43B6-B9CD-5D5F7B300C4E}.Release|Any CPU.Build.0 = Release|Any CPU
		{DFF1E23C-4D66-43B6-B9CD-5D5F7B300C4E}.Release|ARM.ActiveCfg = Release|Any CPU
		{DFF1E23C-4D66-43B6-B9CD-5D5F7B300C4E}.Release|ARM.Build.0 = Release|Any CPU
		{DFF1E23C-4D66-43B6-B9CD-5D5F7B300C4E}.Release|ARM64.ActiveCfg = Release|Any CPU
		{DFF1E23C-4D66-43B6-B9CD-5D5F7B300C4E}.Release|ARM64.Build.0 = Release|Any CPU
		{DFF1E23C-4D66-43B6-B9CD-5D5F7B300C4E}.Release|x64.ActiveCfg = Release|Any CPU
		{DFF1E23C-4D66-43B6-B9CD-5D5F7B300C4E}.Release|x64.Build.0 = Release|Any CPU
		{DFF1E23C-4D66-43B6-B9CD-5D5F7B300C4E}.Release|x86.ActiveCfg = Release|Any CPU
		{DFF1E23C-4D66-43B6-B9CD-5D5F7B300C4E}.Release|x86.Build.0 = Release|Any CPU
	EndGlobalSection
	GlobalSection(SolutionProperties) = preSolution
		HideSolutionNode = FALSE
	EndGlobalSection
EndGlobal
